
Microsoft Visual Studio Solution File, Format Version 12.00
# Visual Studio Version 17
VisualStudioVersion = 17.8.34316.72
MinimumVisualStudioVersion = 10.0.40219.1
Project("{FAE04EC0-301F-11D3-BF4B-00C04F79EFBC}") = "To-Do App", "To-Do App\To-Do App.csproj", "{AEE63331-46E0-417D-9A1E-11F6BCD77E3C}"
EndProject
Global
	GlobalSection(SolutionConfigurationPlatforms) = preSolution
		Debug|Any CPU = Debug|Any CPU
		Release|Any CPU = Release|Any CPU
	EndGlobalSection
	GlobalSection(ProjectConfigurationPlatforms) = postSolution
		{AEE63331-46E0-417D-9A1E-11F6BCD77E3C}.Debug|Any CPU.ActiveCfg = Debug|Any CPU
		{AEE63331-46E0-417D-9A1E-11F6BCD77E3C}.Debug|Any CPU.Build.0 = Debug|Any CPU
		{AEE63331-46E0-417D-9A1E-11F6BCD77E3C}.Release|Any CPU.ActiveCfg = Release|Any CPU
		{AEE63331-46E0-417D-9A1E-11F6BCD77E3C}.Release|Any CPU.Build.0 = Release|Any CPU
	EndGlobalSection
	GlobalSection(SolutionProperties) = preSolution
		HideSolutionNode = FALSE
	EndGlobalSection
	GlobalSection(ExtensibilityGlobals) = postSolution
		SolutionGuid = {415D60AE-7BD7-4AB1-9FB4-DD543CD64E53}
	EndGlobalSection
EndGlobal
